
Microsoft Visual Studio Solution File, Format Version 12.00
# Visual Studio Version 16
VisualStudioVersion = 16.0.28729.10
MinimumVisualStudioVersion = 10.0.40219.1
Project("{2150E333-8FDC-42A3-9474-1A3956D46DE8}") = "1 - Layers", "1 - Layers", "{C97B41A2-7B86-44BE-AD54-6713209EB603}"
EndProject
Project("{2150E333-8FDC-42A3-9474-1A3956D46DE8}") = "1.0 - Client SDK", "1.0 - Client SDK", "{382DA070-B235-46DD-A34D-516677A9AAC2}"
EndProject
Project("{2150E333-8FDC-42A3-9474-1A3956D46DE8}") = "1.1 - Presentation", "1.1 - Presentation", "{A25C9378-B612-4744-A2C1-4DE67E19CE19}"
EndProject
Project("{2150E333-8FDC-42A3-9474-1A3956D46DE8}") = "1.2 - Application", "1.2 - Application", "{C7114C6D-169B-49C1-87B6-C8A9B4D91EC9}"
EndProject
Project("{2150E333-8FDC-42A3-9474-1A3956D46DE8}") = "1.3 - Domain", "1.3 - Domain", "{0C7A3355-4D59-4059-A6BE-DEBC00AC3DB7}"
EndProject
Project("{2150E333-8FDC-42A3-9474-1A3956D46DE8}") = "1.4 - Data", "1.4 - Data", "{0F058432-6DCF-4C48-8BEA-21A0FC05DDC8}"
EndProject
Project("{2150E333-8FDC-42A3-9474-1A3956D46DE8}") = "1.5 - Infrastructure", "1.5 - Infrastructure", "{75DF4D56-C797-493D-A463-BB325EE029E2}"
EndProject
Project("{9A19103F-16F7-4668-BE54-9A1E7A4F7556}") = "Client", "src\Client\Client.csproj", "{8A42774F-0760-4DEB-A4F1-D5027A9F2C71}"
EndProject
Project("{2150E333-8FDC-42A3-9474-1A3956D46DE8}") = "Tests", "Tests", "{5BD7C1CC-1F09-4DA6-8BD2-BE10938C5939}"
EndProject
Project("{2150E333-8FDC-42A3-9474-1A3956D46DE8}") = "Tests", "Tests", "{FAC58119-D030-43DC-97ED-06DA2219293A}"
EndProject
Project("{2150E333-8FDC-42A3-9474-1A3956D46DE8}") = "Tests", "Tests", "{C7348AF5-112F-4315-B0B9-3D7DB16B3895}"
EndProject
Project("{2150E333-8FDC-42A3-9474-1A3956D46DE8}") = "Tests", "Tests", "{73166265-AFA6-4A83-B08C-2422F03D3E8B}"
EndProject
Project("{9A19103F-16F7-4668-BE54-9A1E7A4F7556}") = "Presentation.WebApi", "src\Presentation.WebApi\Presentation.WebApi.csproj", "{D4FC2890-C207-4F66-8E70-618D69DE55D1}"
EndProject
Project("{9A19103F-16F7-4668-BE54-9A1E7A4F7556}") = "Application.DTO", "src\Application.DTO\Application.DTO.csproj", "{D0F3A1DD-42DA-4124-86BF-6478901CDD2D}"
EndProject
Project("{9A19103F-16F7-4668-BE54-9A1E7A4F7556}") = "Application.Services", "src\Application.Services\Application.Services.csproj", "{0F6E8C91-5E7C-4705-82D8-836126588F95}"
EndProject
Project("{9A19103F-16F7-4668-BE54-9A1E7A4F7556}") = "Domain.Core", "src\Domain.Core\Domain.Core.csproj", "{69248EB5-041B-44FA-815F-97528F33BAE0}"
EndProject
Project("{9A19103F-16F7-4668-BE54-9A1E7A4F7556}") = "Domain.Model", "src\Domain.Model\Domain.Model.csproj", "{C3C0D1AE-78ED-4083-B22E-C547930CFAA5}"
EndProject
Project("{9A19103F-16F7-4668-BE54-9A1E7A4F7556}") = "Data.Gateway", "src\Data.Gateway\Data.Gateway.csproj", "{E37F331D-AC78-4E15-878C-80F8F35F0864}"
EndProject
Project("{9A19103F-16F7-4668-BE54-9A1E7A4F7556}") = "Data.Repository", "src\Data.Repository\Data.Repository.csproj", "{8733EC0B-861F-48E8-B8C7-9842730E13F3}"
EndProject
Project("{9A19103F-16F7-4668-BE54-9A1E7A4F7556}") = "Infrastructure.CrossCutting", "src\Infrastructure.CrossCutting\Infrastructure.CrossCutting.csproj", "{55FC2963-7364-49E8-8213-1EEBEBC1FA35}"
EndProject
Project("{9A19103F-16F7-4668-BE54-9A1E7A4F7556}") = "Presentation.WebApi.Tests", "src\Presentation.WebApi.Tests\Presentation.WebApi.Tests.csproj", "{EC3CD240-FBE4-4BE1-99B5-A4D7D1E70028}"
EndProject
Project("{9A19103F-16F7-4668-BE54-9A1E7A4F7556}") = "Application.Services.Tests", "src\Application.Services.Tests\Application.Services.Tests.csproj", "{694B0B3F-602C-4069-842C-ED7C91169C91}"
EndProject
Project("{9A19103F-16F7-4668-BE54-9A1E7A4F7556}") = "Data.Gateway.Tests", "src\Data.Gateway.Tests\Data.Gateway.Tests.csproj", "{54C40978-A3DC-4809-9547-7EC25627B468}"
EndProject
Project("{9A19103F-16F7-4668-BE54-9A1E7A4F7556}") = "Infrastructure.CrossCutting.Tests", "src\Infrastructure.CrossCutting.Tests\Infrastructure.CrossCutting.Tests.csproj", "{003C2198-4EB0-4BF4-AD52-3CE3075411FD}"
EndProject
Project("{9A19103F-16F7-4668-BE54-9A1E7A4F7556}") = "Domain.Services", "src\Domain.Services\Domain.Services.csproj", "{DE08CFB3-37A9-4215-A879-D8FCAF1B7C96}"
EndProject
Project("{2150E333-8FDC-42A3-9474-1A3956D46DE8}") = "Tests", "Tests", "{F3FA141C-A586-4D8B-8178-5FECF338B760}"
EndProject
Project("{9A19103F-16F7-4668-BE54-9A1E7A4F7556}") = "Client.Tests", "src\Client.Tests\Client.Tests.csproj", "{054C83BF-C64C-4480-B598-01AE4A79B14A}"
EndProject
Project("{2150E333-8FDC-42A3-9474-1A3956D46DE8}") = "1.6 - Tests", "1.6 - Tests", "{BD17521C-FD69-4A7E-89F3-005D481B0AE3}"
EndProject
Project("{9A19103F-16F7-4668-BE54-9A1E7A4F7556}") = "Tests.Common", "src\Tests.Common\Tests.Common.csproj", "{692F70E4-3DD4-4F1C-B392-716C3520282A}"
EndProject
Project("{2150E333-8FDC-42A3-9474-1A3956D46DE8}") = "Tests", "Tests", "{115183FD-24A5-441B-A719-39C7445CD248}"
EndProject
Project("{9A19103F-16F7-4668-BE54-9A1E7A4F7556}") = "Domain.Services.Tests", "src\Domain.Services.Tests\Domain.Services.Tests.csproj", "{DE626042-141A-4DA6-BF27-FE60BD0055D5}"
EndProject
Project("{9A19103F-16F7-4668-BE54-9A1E7A4F7556}") = "Application.Messaging", "src\Application.Messaging\Application.Messaging.csproj", "{2CD52D5D-0A4A-4EB8-BD6B-42A2C6577B54}"
EndProject
Project("{9A19103F-16F7-4668-BE54-9A1E7A4F7556}") = "Application.Messaging.Tests", "src\Application.Messaging.Tests\Application.Messaging.Tests.csproj", "{70F5F260-58C0-45EE-B8FE-470E60C28363}"
EndProject
Project("{9A19103F-16F7-4668-BE54-9A1E7A4F7556}") = "Domain.Core.Tests", "src\Domain.Core.Tests\Domain.Core.Tests.csproj", "{9B52FDC4-2F87-4A19-9C94-DFBFBA60CE7C}"
EndProject
Project("{9A19103F-16F7-4668-BE54-9A1E7A4F7556}") = "ClientTest", "ClientTest\ClientTest.csproj", "{E19F275C-2BD0-40FA-BA11-557076FD41F9}"
EndProject
Global
	GlobalSection(SolutionConfigurationPlatforms) = preSolution
		Debug|Any CPU = Debug|Any CPU
		Release|Any CPU = Release|Any CPU
	EndGlobalSection
	GlobalSection(ProjectConfigurationPlatforms) = postSolution
		{8A42774F-0760-4DEB-A4F1-D5027A9F2C71}.Debug|Any CPU.ActiveCfg = Debug|Any CPU
		{8A42774F-0760-4DEB-A4F1-D5027A9F2C71}.Debug|Any CPU.Build.0 = Debug|Any CPU
		{8A42774F-0760-4DEB-A4F1-D5027A9F2C71}.Release|Any CPU.ActiveCfg = Release|Any CPU
		{8A42774F-0760-4DEB-A4F1-D5027A9F2C71}.Release|Any CPU.Build.0 = Release|Any CPU
		{D4FC2890-C207-4F66-8E70-618D69DE55D1}.Debug|Any CPU.ActiveCfg = Debug|Any CPU
		{D4FC2890-C207-4F66-8E70-618D69DE55D1}.Debug|Any CPU.Build.0 = Debug|Any CPU
		{D4FC2890-C207-4F66-8E70-618D69DE55D1}.Release|Any CPU.ActiveCfg = Release|Any CPU
		{D4FC2890-C207-4F66-8E70-618D69DE55D1}.Release|Any CPU.Build.0 = Release|Any CPU
		{D0F3A1DD-42DA-4124-86BF-6478901CDD2D}.Debug|Any CPU.ActiveCfg = Debug|Any CPU
		{D0F3A1DD-42DA-4124-86BF-6478901CDD2D}.Debug|Any CPU.Build.0 = Debug|Any CPU
		{D0F3A1DD-42DA-4124-86BF-6478901CDD2D}.Release|Any CPU.ActiveCfg = Release|Any CPU
		{D0F3A1DD-42DA-4124-86BF-6478901CDD2D}.Release|Any CPU.Build.0 = Release|Any CPU
		{0F6E8C91-5E7C-4705-82D8-836126588F95}.Debug|Any CPU.ActiveCfg = Debug|Any CPU
		{0F6E8C91-5E7C-4705-82D8-836126588F95}.Debug|Any CPU.Build.0 = Debug|Any CPU
		{0F6E8C91-5E7C-4705-82D8-836126588F95}.Release|Any CPU.ActiveCfg = Release|Any CPU
		{0F6E8C91-5E7C-4705-82D8-836126588F95}.Release|Any CPU.Build.0 = Release|Any CPU
		{69248EB5-041B-44FA-815F-97528F33BAE0}.Debug|Any CPU.ActiveCfg = Debug|Any CPU
		{69248EB5-041B-44FA-815F-97528F33BAE0}.Debug|Any CPU.Build.0 = Debug|Any CPU
		{69248EB5-041B-44FA-815F-97528F33BAE0}.Release|Any CPU.ActiveCfg = Release|Any CPU
		{69248EB5-041B-44FA-815F-97528F33BAE0}.Release|Any CPU.Build.0 = Release|Any CPU
		{C3C0D1AE-78ED-4083-B22E-C547930CFAA5}.Debug|Any CPU.ActiveCfg = Debug|Any CPU
		{C3C0D1AE-78ED-4083-B22E-C547930CFAA5}.Debug|Any CPU.Build.0 = Debug|Any CPU
		{C3C0D1AE-78ED-4083-B22E-C547930CFAA5}.Release|Any CPU.ActiveCfg = Release|Any CPU
		{C3C0D1AE-78ED-4083-B22E-C547930CFAA5}.Release|Any CPU.Build.0 = Release|Any CPU
		{E37F331D-AC78-4E15-878C-80F8F35F0864}.Debug|Any CPU.ActiveCfg = Debug|Any CPU
		{E37F331D-AC78-4E15-878C-80F8F35F0864}.Debug|Any CPU.Build.0 = Debug|Any CPU
		{E37F331D-AC78-4E15-878C-80F8F35F0864}.Release|Any CPU.ActiveCfg = Release|Any CPU
		{E37F331D-AC78-4E15-878C-80F8F35F0864}.Release|Any CPU.Build.0 = Release|Any CPU
		{8733EC0B-861F-48E8-B8C7-9842730E13F3}.Debug|Any CPU.ActiveCfg = Debug|Any CPU
		{8733EC0B-861F-48E8-B8C7-9842730E13F3}.Debug|Any CPU.Build.0 = Debug|Any CPU
		{8733EC0B-861F-48E8-B8C7-9842730E13F3}.Release|Any CPU.ActiveCfg = Release|Any CPU
		{8733EC0B-861F-48E8-B8C7-9842730E13F3}.Release|Any CPU.Build.0 = Release|Any CPU
		{55FC2963-7364-49E8-8213-1EEBEBC1FA35}.Debug|Any CPU.ActiveCfg = Debug|Any CPU
		{55FC2963-7364-49E8-8213-1EEBEBC1FA35}.Debug|Any CPU.Build.0 = Debug|Any CPU
		{55FC2963-7364-49E8-8213-1EEBEBC1FA35}.Release|Any CPU.ActiveCfg = Release|Any CPU
		{55FC2963-7364-49E8-8213-1EEBEBC1FA35}.Release|Any CPU.Build.0 = Release|Any CPU
		{EC3CD240-FBE4-4BE1-99B5-A4D7D1E70028}.Debug|Any CPU.ActiveCfg = Debug|Any CPU
		{EC3CD240-FBE4-4BE1-99B5-A4D7D1E70028}.Debug|Any CPU.Build.0 = Debug|Any CPU
		{EC3CD240-FBE4-4BE1-99B5-A4D7D1E70028}.Release|Any CPU.ActiveCfg = Release|Any CPU
		{EC3CD240-FBE4-4BE1-99B5-A4D7D1E70028}.Release|Any CPU.Build.0 = Release|Any CPU
		{694B0B3F-602C-4069-842C-ED7C91169C91}.Debug|Any CPU.ActiveCfg = Debug|Any CPU
		{694B0B3F-602C-4069-842C-ED7C91169C91}.Debug|Any CPU.Build.0 = Debug|Any CPU
		{694B0B3F-602C-4069-842C-ED7C91169C91}.Release|Any CPU.ActiveCfg = Release|Any CPU
		{694B0B3F-602C-4069-842C-ED7C91169C91}.Release|Any CPU.Build.0 = Release|Any CPU
		{54C40978-A3DC-4809-9547-7EC25627B468}.Debug|Any CPU.ActiveCfg = Debug|Any CPU
		{54C40978-A3DC-4809-9547-7EC25627B468}.Debug|Any CPU.Build.0 = Debug|Any CPU
		{54C40978-A3DC-4809-9547-7EC25627B468}.Release|Any CPU.ActiveCfg = Release|Any CPU
		{54C40978-A3DC-4809-9547-7EC25627B468}.Release|Any CPU.Build.0 = Release|Any CPU
		{003C2198-4EB0-4BF4-AD52-3CE3075411FD}.Debug|Any CPU.ActiveCfg = Debug|Any CPU
		{003C2198-4EB0-4BF4-AD52-3CE3075411FD}.Debug|Any CPU.Build.0 = Debug|Any CPU
		{003C2198-4EB0-4BF4-AD52-3CE3075411FD}.Release|Any CPU.ActiveCfg = Release|Any CPU
		{003C2198-4EB0-4BF4-AD52-3CE3075411FD}.Release|Any CPU.Build.0 = Release|Any CPU
		{DE08CFB3-37A9-4215-A879-D8FCAF1B7C96}.Debug|Any CPU.ActiveCfg = Debug|Any CPU
		{DE08CFB3-37A9-4215-A879-D8FCAF1B7C96}.Debug|Any CPU.Build.0 = Debug|Any CPU
		{DE08CFB3-37A9-4215-A879-D8FCAF1B7C96}.Release|Any CPU.ActiveCfg = Release|Any CPU
		{DE08CFB3-37A9-4215-A879-D8FCAF1B7C96}.Release|Any CPU.Build.0 = Release|Any CPU
		{054C83BF-C64C-4480-B598-01AE4A79B14A}.Debug|Any CPU.ActiveCfg = Debug|Any CPU
		{054C83BF-C64C-4480-B598-01AE4A79B14A}.Debug|Any CPU.Build.0 = Debug|Any CPU
		{054C83BF-C64C-4480-B598-01AE4A79B14A}.Release|Any CPU.ActiveCfg = Release|Any CPU
		{054C83BF-C64C-4480-B598-01AE4A79B14A}.Release|Any CPU.Build.0 = Release|Any CPU
		{692F70E4-3DD4-4F1C-B392-716C3520282A}.Debug|Any CPU.ActiveCfg = Debug|Any CPU
		{692F70E4-3DD4-4F1C-B392-716C3520282A}.Debug|Any CPU.Build.0 = Debug|Any CPU
		{692F70E4-3DD4-4F1C-B392-716C3520282A}.Release|Any CPU.ActiveCfg = Release|Any CPU
		{692F70E4-3DD4-4F1C-B392-716C3520282A}.Release|Any CPU.Build.0 = Release|Any CPU
		{DE626042-141A-4DA6-BF27-FE60BD0055D5}.Debug|Any CPU.ActiveCfg = Debug|Any CPU
		{DE626042-141A-4DA6-BF27-FE60BD0055D5}.Debug|Any CPU.Build.0 = Debug|Any CPU
		{DE626042-141A-4DA6-BF27-FE60BD0055D5}.Release|Any CPU.ActiveCfg = Release|Any CPU
		{DE626042-141A-4DA6-BF27-FE60BD0055D5}.Release|Any CPU.Build.0 = Release|Any CPU
		{2CD52D5D-0A4A-4EB8-BD6B-42A2C6577B54}.Debug|Any CPU.ActiveCfg = Debug|Any CPU
		{2CD52D5D-0A4A-4EB8-BD6B-42A2C6577B54}.Debug|Any CPU.Build.0 = Debug|Any CPU
		{2CD52D5D-0A4A-4EB8-BD6B-42A2C6577B54}.Release|Any CPU.ActiveCfg = Release|Any CPU
		{2CD52D5D-0A4A-4EB8-BD6B-42A2C6577B54}.Release|Any CPU.Build.0 = Release|Any CPU
		{70F5F260-58C0-45EE-B8FE-470E60C28363}.Debug|Any CPU.ActiveCfg = Debug|Any CPU
		{70F5F260-58C0-45EE-B8FE-470E60C28363}.Debug|Any CPU.Build.0 = Debug|Any CPU
		{70F5F260-58C0-45EE-B8FE-470E60C28363}.Release|Any CPU.ActiveCfg = Release|Any CPU
		{70F5F260-58C0-45EE-B8FE-470E60C28363}.Release|Any CPU.Build.0 = Release|Any CPU
		{9B52FDC4-2F87-4A19-9C94-DFBFBA60CE7C}.Debug|Any CPU.ActiveCfg = Debug|Any CPU
		{9B52FDC4-2F87-4A19-9C94-DFBFBA60CE7C}.Debug|Any CPU.Build.0 = Debug|Any CPU
		{9B52FDC4-2F87-4A19-9C94-DFBFBA60CE7C}.Release|Any CPU.ActiveCfg = Release|Any CPU
		{9B52FDC4-2F87-4A19-9C94-DFBFBA60CE7C}.Release|Any CPU.Build.0 = Release|Any CPU
		{E19F275C-2BD0-40FA-BA11-557076FD41F9}.Debug|Any CPU.ActiveCfg = Debug|Any CPU
		{E19F275C-2BD0-40FA-BA11-557076FD41F9}.Debug|Any CPU.Build.0 = Debug|Any CPU
		{E19F275C-2BD0-40FA-BA11-557076FD41F9}.Release|Any CPU.ActiveCfg = Release|Any CPU
		{E19F275C-2BD0-40FA-BA11-557076FD41F9}.Release|Any CPU.Build.0 = Release|Any CPU
	EndGlobalSection
	GlobalSection(SolutionProperties) = preSolution
		HideSolutionNode = FALSE
	EndGlobalSection
	GlobalSection(NestedProjects) = preSolution
		{382DA070-B235-46DD-A34D-516677A9AAC2} = {C97B41A2-7B86-44BE-AD54-6713209EB603}
		{A25C9378-B612-4744-A2C1-4DE67E19CE19} = {C97B41A2-7B86-44BE-AD54-6713209EB603}
		{C7114C6D-169B-49C1-87B6-C8A9B4D91EC9} = {C97B41A2-7B86-44BE-AD54-6713209EB603}
		{0C7A3355-4D59-4059-A6BE-DEBC00AC3DB7} = {C97B41A2-7B86-44BE-AD54-6713209EB603}
		{0F058432-6DCF-4C48-8BEA-21A0FC05DDC8} = {C97B41A2-7B86-44BE-AD54-6713209EB603}
		{75DF4D56-C797-493D-A463-BB325EE029E2} = {C97B41A2-7B86-44BE-AD54-6713209EB603}
		{8A42774F-0760-4DEB-A4F1-D5027A9F2C71} = {382DA070-B235-46DD-A34D-516677A9AAC2}
		{5BD7C1CC-1F09-4DA6-8BD2-BE10938C5939} = {A25C9378-B612-4744-A2C1-4DE67E19CE19}
		{FAC58119-D030-43DC-97ED-06DA2219293A} = {C7114C6D-169B-49C1-87B6-C8A9B4D91EC9}
		{C7348AF5-112F-4315-B0B9-3D7DB16B3895} = {0F058432-6DCF-4C48-8BEA-21A0FC05DDC8}
		{73166265-AFA6-4A83-B08C-2422F03D3E8B} = {75DF4D56-C797-493D-A463-BB325EE029E2}
		{D4FC2890-C207-4F66-8E70-618D69DE55D1} = {A25C9378-B612-4744-A2C1-4DE67E19CE19}
		{D0F3A1DD-42DA-4124-86BF-6478901CDD2D} = {C7114C6D-169B-49C1-87B6-C8A9B4D91EC9}
		{0F6E8C91-5E7C-4705-82D8-836126588F95} = {C7114C6D-169B-49C1-87B6-C8A9B4D91EC9}
		{69248EB5-041B-44FA-815F-97528F33BAE0} = {0C7A3355-4D59-4059-A6BE-DEBC00AC3DB7}
		{C3C0D1AE-78ED-4083-B22E-C547930CFAA5} = {0C7A3355-4D59-4059-A6BE-DEBC00AC3DB7}
		{E37F331D-AC78-4E15-878C-80F8F35F0864} = {0F058432-6DCF-4C48-8BEA-21A0FC05DDC8}
		{8733EC0B-861F-48E8-B8C7-9842730E13F3} = {0F058432-6DCF-4C48-8BEA-21A0FC05DDC8}
		{55FC2963-7364-49E8-8213-1EEBEBC1FA35} = {75DF4D56-C797-493D-A463-BB325EE029E2}
		{EC3CD240-FBE4-4BE1-99B5-A4D7D1E70028} = {5BD7C1CC-1F09-4DA6-8BD2-BE10938C5939}
		{694B0B3F-602C-4069-842C-ED7C91169C91} = {FAC58119-D030-43DC-97ED-06DA2219293A}
		{54C40978-A3DC-4809-9547-7EC25627B468} = {C7348AF5-112F-4315-B0B9-3D7DB16B3895}
		{003C2198-4EB0-4BF4-AD52-3CE3075411FD} = {73166265-AFA6-4A83-B08C-2422F03D3E8B}
		{DE08CFB3-37A9-4215-A879-D8FCAF1B7C96} = {0C7A3355-4D59-4059-A6BE-DEBC00AC3DB7}
		{F3FA141C-A586-4D8B-8178-5FECF338B760} = {382DA070-B235-46DD-A34D-516677A9AAC2}
		{054C83BF-C64C-4480-B598-01AE4A79B14A} = {F3FA141C-A586-4D8B-8178-5FECF338B760}
		{BD17521C-FD69-4A7E-89F3-005D481B0AE3} = {C97B41A2-7B86-44BE-AD54-6713209EB603}
		{692F70E4-3DD4-4F1C-B392-716C3520282A} = {BD17521C-FD69-4A7E-89F3-005D481B0AE3}
		{115183FD-24A5-441B-A719-39C7445CD248} = {0C7A3355-4D59-4059-A6BE-DEBC00AC3DB7}
		{DE626042-141A-4DA6-BF27-FE60BD0055D5} = {115183FD-24A5-441B-A719-39C7445CD248}
		{2CD52D5D-0A4A-4EB8-BD6B-42A2C6577B54} = {C7114C6D-169B-49C1-87B6-C8A9B4D91EC9}
		{70F5F260-58C0-45EE-B8FE-470E60C28363} = {FAC58119-D030-43DC-97ED-06DA2219293A}
		{9B52FDC4-2F87-4A19-9C94-DFBFBA60CE7C} = {115183FD-24A5-441B-A719-39C7445CD248}
		{E19F275C-2BD0-40FA-BA11-557076FD41F9} = {382DA070-B235-46DD-A34D-516677A9AAC2}
	EndGlobalSection
	GlobalSection(ExtensibilityGlobals) = postSolution
		SolutionGuid = {EFDC5AEC-B517-4EE1-BF21-C4F7D821B479}
	EndGlobalSection
EndGlobal
